
Microsoft Visual Studio Solution File, Format Version 12.00
# Visual Studio Version 16
VisualStudioVersion = 16.0.31205.134
MinimumVisualStudioVersion = 10.0.40219.1
Project("{9A19103F-16F7-4668-BE54-9A1E7A4F7556}") = "Algorithms and data structures", "Algorithms and data structures\Algorithms and data structures.csproj", "{CD89AB70-C073-4C83-B199-3C69019391F2}"
EndProject
Project("{9A19103F-16F7-4668-BE54-9A1E7A4F7556}") = "Lesson_1", "Lesson_1\Lesson_1.csproj", "{F376C8E1-AEF1-4624-A78A-B1E0C9D99244}"
EndProject
Project("{9A19103F-16F7-4668-BE54-9A1E7A4F7556}") = "Lesson2", "Lesson2\Lesson2.csproj", "{FADA6D2B-2D9F-4740-A16A-21B6CE7BD05C}"
EndProject
Project("{9A19103F-16F7-4668-BE54-9A1E7A4F7556}") = "Lesson3", "Lesson3\Lesson3.csproj", "{D4276903-4B16-4F77-B771-6635DEA34A65}"
EndProject
Project("{9A19103F-16F7-4668-BE54-9A1E7A4F7556}") = "Lesson4", "Lesson4\Lesson4.csproj", "{781DAC45-BEE3-4992-AA2B-5A3B56DB6D48}"
EndProject
Project("{9A19103F-16F7-4668-BE54-9A1E7A4F7556}") = "Lesson4.2", "Lesson4.2\Lesson4.2.csproj", "{68EFA298-86D4-4AF9-8BC7-3EB62CC5C59A}"
EndProject
Project("{9A19103F-16F7-4668-BE54-9A1E7A4F7556}") = "Lesson_6", "Lesson_6\Lesson_6.csproj", "{12228B17-F235-4C61-9F98-6F82A0E69D32}"
EndProject
Project("{FAE04EC0-301F-11D3-BF4B-00C04F79EFBC}") = "Lesson_7", "Lesson_7\Lesson_7.csproj", "{DDBF67ED-702C-44B8-8B1B-64A524EBD322}"
EndProject
Global
	GlobalSection(SolutionConfigurationPlatforms) = preSolution
		Debug|Any CPU = Debug|Any CPU
		Release|Any CPU = Release|Any CPU
	EndGlobalSection
	GlobalSection(ProjectConfigurationPlatforms) = postSolution
		{CD89AB70-C073-4C83-B199-3C69019391F2}.Debug|Any CPU.ActiveCfg = Debug|Any CPU
		{CD89AB70-C073-4C83-B199-3C69019391F2}.Debug|Any CPU.Build.0 = Debug|Any CPU
		{CD89AB70-C073-4C83-B199-3C69019391F2}.Release|Any CPU.ActiveCfg = Release|Any CPU
		{CD89AB70-C073-4C83-B199-3C69019391F2}.Release|Any CPU.Build.0 = Release|Any CPU
		{F376C8E1-AEF1-4624-A78A-B1E0C9D99244}.Debug|Any CPU.ActiveCfg = Debug|Any CPU
		{F376C8E1-AEF1-4624-A78A-B1E0C9D99244}.Debug|Any CPU.Build.0 = Debug|Any CPU
		{F376C8E1-AEF1-4624-A78A-B1E0C9D99244}.Release|Any CPU.ActiveCfg = Release|Any CPU
		{F376C8E1-AEF1-4624-A78A-B1E0C9D99244}.Release|Any CPU.Build.0 = Release|Any CPU
		{FADA6D2B-2D9F-4740-A16A-21B6CE7BD05C}.Debug|Any CPU.ActiveCfg = Debug|Any CPU
		{FADA6D2B-2D9F-4740-A16A-21B6CE7BD05C}.Debug|Any CPU.Build.0 = Debug|Any CPU
		{FADA6D2B-2D9F-4740-A16A-21B6CE7BD05C}.Release|Any CPU.ActiveCfg = Release|Any CPU
		{FADA6D2B-2D9F-4740-A16A-21B6CE7BD05C}.Release|Any CPU.Build.0 = Release|Any CPU
		{D4276903-4B16-4F77-B771-6635DEA34A65}.Debug|Any CPU.ActiveCfg = Debug|Any CPU
		{D4276903-4B16-4F77-B771-6635DEA34A65}.Debug|Any CPU.Build.0 = Debug|Any CPU
		{D4276903-4B16-4F77-B771-6635DEA34A65}.Release|Any CPU.ActiveCfg = Release|Any CPU
		{D4276903-4B16-4F77-B771-6635DEA34A65}.Release|Any CPU.Build.0 = Release|Any CPU
		{781DAC45-BEE3-4992-AA2B-5A3B56DB6D48}.Debug|Any CPU.ActiveCfg = Debug|Any CPU
		{781DAC45-BEE3-4992-AA2B-5A3B56DB6D48}.Debug|Any CPU.Build.0 = Debug|Any CPU
		{781DAC45-BEE3-4992-AA2B-5A3B56DB6D48}.Release|Any CPU.ActiveCfg = Release|Any CPU
		{781DAC45-BEE3-4992-AA2B-5A3B56DB6D48}.Release|Any CPU.Build.0 = Release|Any CPU
		{68EFA298-86D4-4AF9-8BC7-3EB62CC5C59A}.Debug|Any CPU.ActiveCfg = Debug|Any CPU
		{68EFA298-86D4-4AF9-8BC7-3EB62CC5C59A}.Debug|Any CPU.Build.0 = Debug|Any CPU
		{68EFA298-86D4-4AF9-8BC7-3EB62CC5C59A}.Release|Any CPU.ActiveCfg = Release|Any CPU
		{68EFA298-86D4-4AF9-8BC7-3EB62CC5C59A}.Release|Any CPU.Build.0 = Release|Any CPU
		{12228B17-F235-4C61-9F98-6F82A0E69D32}.Debug|Any CPU.ActiveCfg = Debug|Any CPU
		{12228B17-F235-4C61-9F98-6F82A0E69D32}.Debug|Any CPU.Build.0 = Debug|Any CPU
		{12228B17-F235-4C61-9F98-6F82A0E69D32}.Release|Any CPU.ActiveCfg = Release|Any CPU
		{12228B17-F235-4C61-9F98-6F82A0E69D32}.Release|Any CPU.Build.0 = Release|Any CPU
		{DDBF67ED-702C-44B8-8B1B-64A524EBD322}.Debug|Any CPU.ActiveCfg = Debug|Any CPU
		{DDBF67ED-702C-44B8-8B1B-64A524EBD322}.Debug|Any CPU.Build.0 = Debug|Any CPU
		{DDBF67ED-702C-44B8-8B1B-64A524EBD322}.Release|Any CPU.ActiveCfg = Release|Any CPU
		{DDBF67ED-702C-44B8-8B1B-64A524EBD322}.Release|Any CPU.Build.0 = Release|Any CPU
	EndGlobalSection
	GlobalSection(SolutionProperties) = preSolution
		HideSolutionNode = FALSE
	EndGlobalSection
	GlobalSection(ExtensibilityGlobals) = postSolution
		SolutionGuid = {ABD3960A-98A1-4C40-85CA-8D5A17FD0D02}
	EndGlobalSection
EndGlobal
